
Microsoft Visual Studio Solution File, Format Version 10.00
# Visual Studio 2008
Project("{FAE04EC0-301F-11D3-BF4B-00C04F79EFBC}") = "ReachConnectCE", "ReachConnectCE\ReachConnectCE.csproj", "{AB2B18B0-6777-4503-A7BE-B5AD6D5600BA}"
EndProject
Global
	GlobalSection(SolutionConfigurationPlatforms) = preSolution
		Debug|Any CPU = Debug|Any CPU
		Release|Any CPU = Release|Any CPU
	EndGlobalSection
	GlobalSection(ProjectConfigurationPlatforms) = postSolution
		{AB2B18B0-6777-4503-A7BE-B5AD6D5600BA}.Debug|Any CPU.ActiveCfg = Debug|Any CPU
		{AB2B18B0-6777-4503-A7BE-B5AD6D5600BA}.Debug|Any CPU.Build.0 = Debug|Any CPU
		{AB2B18B0-6777-4503-A7BE-B5AD6D5600BA}.Debug|Any CPU.Deploy.0 = Debug|Any CPU
		{AB2B18B0-6777-4503-A7BE-B5AD6D5600BA}.Release|Any CPU.ActiveCfg = Release|Any CPU
		{AB2B18B0-6777-4503-A7BE-B5AD6D5600BA}.Release|Any CPU.Build.0 = Release|Any CPU
		{AB2B18B0-6777-4503-A7BE-B5AD6D5600BA}.Release|Any CPU.Deploy.0 = Release|Any CPU
	EndGlobalSection
	GlobalSection(SolutionProperties) = preSolution
		HideSolutionNode = FALSE
	EndGlobalSection
EndGlobal
